# THIS IS AN AUTOGENERATED FILE. DO NOT EDIT THIS FILE DIRECTLY.
# yarn lockfile v1


addressparser@1.0.1:
  version "1.0.1"
  resolved "https://registry.yarnpkg.com/addressparser/-/addressparser-1.0.1.tgz#47afbe1a2a9262191db6838e4fd1d39b40821746"

adm-zip@^0.4:
  version "0.4.16"
  resolved "https://registry.yarnpkg.com/adm-zip/-/adm-zip-0.4.16.tgz#cf4c508fdffab02c269cbc7f471a875f05570365"

ansi-regex@^2.0.0:
  version "2.1.1"
  resolved "https://registry.yarnpkg.com/ansi-regex/-/ansi-regex-2.1.1.tgz#c3b33ab5ee360d86e0e628f0468ae7ef27d654df"

ascli@~1:
  version "1.0.1"
  resolved "https://registry.yarnpkg.com/ascli/-/ascli-1.0.1.tgz#bcfa5974a62f18e81cabaeb49732ab4a88f906bc"
  dependencies:
    colour "~0.7.1"
    optjs "~3.2.2"

axios@^0.21.1:
  version "0.21.1"
  resolved "https://registry.yarnpkg.com/axios/-/axios-0.21.1.tgz#22563481962f4d6bde9a76d516ef0e5d3c09b2b8"
  dependencies:
    follow-redirects "^1.10.0"

balanced-match@^1.0.0:
  version "1.0.0"
  resolved "https://registry.yarnpkg.com/balanced-match/-/balanced-match-1.0.0.tgz#89b4d199ab2bee49de164ea02b89ce462d71b767"

bignumber.js@^2.0.7:
  version "2.4.0"
  resolved "https://registry.yarnpkg.com/bignumber.js/-/bignumber.js-2.4.0.tgz#838a992da9f9d737e0f4b2db0be62bb09dd0c5e8"

brace-expansion@^1.1.7:
  version "1.1.8"
  resolved "https://registry.yarnpkg.com/brace-expansion/-/brace-expansion-1.1.8.tgz#c07b211c7c952ec1f8efd51a77ef0d1d3990a292"
  dependencies:
    balanced-match "^1.0.0"
    concat-map "0.0.1"

buffer-crc32@^0.2:
  version "0.2.13"
  resolved "https://registry.yarnpkg.com/buffer-crc32/-/buffer-crc32-0.2.13.tgz#0d333e3f00eac50aa1454abd30ef8c2a5d9a7242"

bufferview@~1:
  version "1.0.1"
  resolved "https://registry.yarnpkg.com/bufferview/-/bufferview-1.0.1.tgz#7afd74a45f937fa422a1d338c08bbfdc76cd725d"

buildmail@3.10.0:
  version "3.10.0"
  resolved "https://registry.yarnpkg.com/buildmail/-/buildmail-3.10.0.tgz#c6826d716e7945bb6f6b1434b53985e029a03159"
  dependencies:
    addressparser "1.0.1"
    libbase64 "0.1.0"
    libmime "2.1.0"
    libqp "1.1.0"
    nodemailer-fetch "1.6.0"
    nodemailer-shared "1.1.0"

bytebuffer@>=3.5.5, bytebuffer@^5.0, bytebuffer@~5:
  version "5.0.1"
  resolved "https://registry.yarnpkg.com/bytebuffer/-/bytebuffer-5.0.1.tgz#582eea4b1a873b6d020a48d58df85f0bba6cfddd"
  dependencies:
    long "~3"

"bytebuffer@~4 >=4.1":
  version "4.1.0"
  resolved "https://registry.yarnpkg.com/bytebuffer/-/bytebuffer-4.1.0.tgz#4c58269e052ab1e4b1f7ff364fdfb3ce882906aa"
  dependencies:
    bufferview "~1"
    long "~2 >=2.3.0"

camelcase@^2.0.1:
  version "2.1.1"
  resolved "https://registry.yarnpkg.com/camelcase/-/camelcase-2.1.1.tgz#7c1d16d679a1bbe59ca02cacecfb011e201f5a1f"

cliui@^3.0.3:
  version "3.2.0"
  resolved "https://registry.yarnpkg.com/cliui/-/cliui-3.2.0.tgz#120601537a916d29940f934da3b48d585a39213d"
  dependencies:
    string-width "^1.0.1"
    strip-ansi "^3.0.1"
    wrap-ansi "^2.0.0"

code-point-at@^1.0.0:
  version "1.1.0"
  resolved "https://registry.yarnpkg.com/code-point-at/-/code-point-at-1.1.0.tgz#0d070b4d043a5bea33a2f1a40e2edb3d9a4ccf77"

colour@~0.7.1:
  version "0.7.1"
  resolved "https://registry.yarnpkg.com/colour/-/colour-0.7.1.tgz#9cb169917ec5d12c0736d3e8685746df1cadf778"

concat-map@0.0.1:
  version "0.0.1"
  resolved "https://registry.yarnpkg.com/concat-map/-/concat-map-0.0.1.tgz#d8a96bd77fd68df7793a73036a3ba0d5405d477b"

csgo-float@^0.2.0:
  version "0.2.0"
  resolved "https://registry.yarnpkg.com/csgo-float/-/csgo-float-0.2.0.tgz#983950c4789466d3dc4abcce129823c793f38be6"
  dependencies:
    protobufjs "^4.1.3"
    q "^1.4.1"
    steam "^1.4.0"

csgo@^1.5.7:
  version "1.5.7"
  resolved "https://registry.yarnpkg.com/csgo/-/csgo-1.5.7.tgz#3ebc99ddf983230ac40ce6777460826b4533fead"
  dependencies:
    bignumber.js "^2.0.7"
    bytebuffer ">=3.5.5"
    deferred "^0.7.5"
    protobufjs "^5.0.1"
    steam "^1.4.0"

d@1:
  version "1.0.0"
  resolved "https://registry.yarnpkg.com/d/-/d-1.0.0.tgz#754bb5bfe55451da69a58b94d45f4c5b0462d58f"
  dependencies:
    es5-ext "^0.10.9"

decamelize@^1.1.1:
  version "1.2.0"
  resolved "https://registry.yarnpkg.com/decamelize/-/decamelize-1.2.0.tgz#f6534d15148269b20352e7bee26f501f9a191290"

deferred@^0.7.5:
  version "0.7.8"
  resolved "https://registry.yarnpkg.com/deferred/-/deferred-0.7.8.tgz#ea07a13243173dbad585cccd9fca1611c485bcce"
  dependencies:
    d "1"
    es5-ext "~0.10.14"
    event-emitter "~0.3.5"
    next-tick "1"
    timers-ext "~0.1.1"

dkim-signer@^0.2.2:
  version "0.2.2"
  resolved "https://registry.yarnpkg.com/dkim-signer/-/dkim-signer-0.2.2.tgz#aa81ec071eeed3622781baa922044d7800e5f308"
  dependencies:
    libmime "^2.0.3"

es5-ext@^0.10.14, es5-ext@^0.10.9, es5-ext@~0.10.14:
  version "0.10.30"
  resolved "https://registry.yarnpkg.com/es5-ext/-/es5-ext-0.10.30.tgz#7141a16836697dbabfaaaeee41495ce29f52c939"
  dependencies:
    es6-iterator "2"
    es6-symbol "~3.1"

es6-iterator@2:
  version "2.0.1"
  resolved "https://registry.yarnpkg.com/es6-iterator/-/es6-iterator-2.0.1.tgz#8e319c9f0453bf575d374940a655920e59ca5512"
  dependencies:
    d "1"
    es5-ext "^0.10.14"
    es6-symbol "^3.1"

es6-symbol@^3.1, es6-symbol@~3.1:
  version "3.1.1"
  resolved "https://registry.yarnpkg.com/es6-symbol/-/es6-symbol-3.1.1.tgz#bf00ef4fdab6ba1b46ecb7b629b4c7ed5715cc77"
  dependencies:
    d "1"
    es5-ext "~0.10.14"

event-emitter@~0.3.5:
  version "0.3.5"
  resolved "https://registry.yarnpkg.com/event-emitter/-/event-emitter-0.3.5.tgz#df8c69eef1647923c7157b9ce83840610b02cc39"
  dependencies:
    d "1"
    es5-ext "~0.10.14"

follow-redirects@^1.10.0:
  version "1.13.1"
  resolved "https://registry.yarnpkg.com/follow-redirects/-/follow-redirects-1.13.1.tgz#5f69b813376cee4fd0474a3aba835df04ab763b7"

fs.realpath@^1.0.0:
  version "1.0.0"
  resolved "https://registry.yarnpkg.com/fs.realpath/-/fs.realpath-1.0.0.tgz#1504ad2523158caa40db4a2787cb01411994ea4f"

glob@^5.0.10:
  version "5.0.15"
  resolved "https://registry.yarnpkg.com/glob/-/glob-5.0.15.tgz#1bc936b9e02f4a603fcc222ecf7633d30b8b93b1"
  dependencies:
    inflight "^1.0.4"
    inherits "2"
    minimatch "2 || 3"
    once "^1.3.0"
    path-is-absolute "^1.0.0"

glob@^7.0.5:
  version "7.1.2"
  resolved "https://registry.yarnpkg.com/glob/-/glob-7.1.2.tgz#c19c9df9a028702d678612384a6552404c636d15"
  dependencies:
    fs.realpath "^1.0.0"
    inflight "^1.0.4"
    inherits "2"
    minimatch "^3.0.4"
    once "^1.3.0"
    path-is-absolute "^1.0.0"

httpntlm@1.6.1:
  version "1.6.1"
  resolved "https://registry.yarnpkg.com/httpntlm/-/httpntlm-1.6.1.tgz#ad01527143a2e8773cfae6a96f58656bb52a34b2"
  dependencies:
    httpreq ">=0.4.22"
    underscore "~1.7.0"

httpreq@>=0.4.22:
  version "0.4.24"
  resolved "https://registry.yarnpkg.com/httpreq/-/httpreq-0.4.24.tgz#4335ffd82cd969668a39465c929ac61d6393627f"

iconv-lite@0.4.13:
  version "0.4.13"
  resolved "https://registry.yarnpkg.com/iconv-lite/-/iconv-lite-0.4.13.tgz#1f88aba4ab0b1508e8312acc39345f36e992e2f2"

iconv-lite@0.4.15:
  version "0.4.15"
  resolved "https://registry.yarnpkg.com/iconv-lite/-/iconv-lite-0.4.15.tgz#fe265a218ac6a57cfe854927e9d04c19825eddeb"

inflight@^1.0.4:
  version "1.0.6"
  resolved "https://registry.yarnpkg.com/inflight/-/inflight-1.0.6.tgz#49bd6331d7d02d0c09bc910a1075ba8165b56df9"
  dependencies:
    once "^1.3.0"
    wrappy "1"

inherits@2:
  version "2.0.3"
  resolved "https://registry.yarnpkg.com/inherits/-/inherits-2.0.3.tgz#633c2c83e3da42a502f52466022480f4208261de"

invert-kv@^1.0.0:
  version "1.0.0"
  resolved "https://registry.yarnpkg.com/invert-kv/-/invert-kv-1.0.0.tgz#104a8e4aaca6d3d8cd157a8ef8bfab2d7a3ffdb6"

is-fullwidth-code-point@^1.0.0:
  version "1.0.0"
  resolved "https://registry.yarnpkg.com/is-fullwidth-code-point/-/is-fullwidth-code-point-1.0.0.tgz#ef9e31386f031a7f0d643af82fde50c457ef00cb"
  dependencies:
    number-is-nan "^1.0.0"

lcid@^1.0.0:
  version "1.0.0"
  resolved "https://registry.yarnpkg.com/lcid/-/lcid-1.0.0.tgz#308accafa0bc483a3867b4b6f2b9506251d1b835"
  dependencies:
    invert-kv "^1.0.0"

libbase64@0.1.0:
  version "0.1.0"
  resolved "https://registry.yarnpkg.com/libbase64/-/libbase64-0.1.0.tgz#62351a839563ac5ff5bd26f12f60e9830bb751e6"

libmime@2.1.0:
  version "2.1.0"
  resolved "https://registry.yarnpkg.com/libmime/-/libmime-2.1.0.tgz#51bc76de2283161eb9051c4bc80aed713e4fd1cd"
  dependencies:
    iconv-lite "0.4.13"
    libbase64 "0.1.0"
    libqp "1.1.0"

libmime@^2.0.3:
  version "2.1.3"
  resolved "https://registry.yarnpkg.com/libmime/-/libmime-2.1.3.tgz#25017ca5ab5a1e98aadbe2725017cf1d48a42a0c"
  dependencies:
    iconv-lite "0.4.15"
    libbase64 "0.1.0"
    libqp "1.1.0"

libqp@1.1.0:
  version "1.1.0"
  resolved "https://registry.yarnpkg.com/libqp/-/libqp-1.1.0.tgz#f5e6e06ad74b794fb5b5b66988bf728ef1dedbe8"

"long@~2 >=2.3.0":
  version "2.4.0"
  resolved "https://registry.yarnpkg.com/long/-/long-2.4.0.tgz#9fa180bb1d9500cdc29c4156766a1995e1f4524f"

long@~3:
  version "3.2.0"
  resolved "https://registry.yarnpkg.com/long/-/long-3.2.0.tgz#d821b7138ca1cb581c172990ef14db200b5c474b"

mailcomposer@^3.12.0:
  version "3.12.0"
  resolved "https://registry.yarnpkg.com/mailcomposer/-/mailcomposer-3.12.0.tgz#9c5e1188aa8e1c62ec8b86bd43468102b639e8f9"
  dependencies:
    buildmail "3.10.0"
    libmime "2.1.0"

"minimatch@2 || 3", minimatch@^3.0.4:
  version "3.0.4"
  resolved "https://registry.yarnpkg.com/minimatch/-/minimatch-3.0.4.tgz#5166e286457f03306064be5497e8dbb0c3d32083"
  dependencies:
    brace-expansion "^1.1.7"

next-tick@1:
  version "1.0.0"
  resolved "https://registry.yarnpkg.com/next-tick/-/next-tick-1.0.0.tgz#ca86d1fe8828169b0120208e3dc8424b9db8342c"

nodemailer-fetch@1.6.0:
  version "1.6.0"
  resolved "https://registry.yarnpkg.com/nodemailer-fetch/-/nodemailer-fetch-1.6.0.tgz#79c4908a1c0f5f375b73fe888da9828f6dc963a4"

nodemailer-shared@1.1.0:
  version "1.1.0"
  resolved "https://registry.yarnpkg.com/nodemailer-shared/-/nodemailer-shared-1.1.0.tgz#cf5994e2fd268d00f5cf0fa767a08169edb07ec0"
  dependencies:
    nodemailer-fetch "1.6.0"

nodemailer-smtp-transport@^2.7.4:
  version "2.7.4"
  resolved "https://registry.yarnpkg.com/nodemailer-smtp-transport/-/nodemailer-smtp-transport-2.7.4.tgz#0d89af019a144a480fd8ecc99997d9f838f13685"
  dependencies:
    nodemailer-shared "1.1.0"
    nodemailer-wellknown "0.1.10"
    smtp-connection "2.12.0"

nodemailer-wellknown@0.1.10:
  version "0.1.10"
  resolved "https://registry.yarnpkg.com/nodemailer-wellknown/-/nodemailer-wellknown-0.1.10.tgz#586db8101db30cb4438eb546737a41aad0cf13d5"

nodemailer-wellknown@^0.2.3:
  version "0.2.3"
  resolved "https://registry.yarnpkg.com/nodemailer-wellknown/-/nodemailer-wellknown-0.2.3.tgz#640ed204a016627643f98739a94f8ef9d39ca0a9"

nodemailer@^4.1.1:
  version "4.1.1"
  resolved "https://registry.yarnpkg.com/nodemailer/-/nodemailer-4.1.1.tgz#e84a65b423e5ca2b65b81ff39bb9aee71c3dc718"

number-is-nan@^1.0.0:
  version "1.0.1"
  resolved "https://registry.yarnpkg.com/number-is-nan/-/number-is-nan-1.0.1.tgz#097b602b53422a522c1afb8790318336941a011d"

once@^1.3.0:
  version "1.4.0"
  resolved "https://registry.yarnpkg.com/once/-/once-1.4.0.tgz#583b1aa775961d4b113ac17d9c50baef9dd76bd1"
  dependencies:
    wrappy "1"

optjs@~3.2.2:
  version "3.2.2"
  resolved "https://registry.yarnpkg.com/optjs/-/optjs-3.2.2.tgz#69a6ce89c442a44403141ad2f9b370bd5bb6f4ee"

os-locale@^1.4.0:
  version "1.4.0"
  resolved "https://registry.yarnpkg.com/os-locale/-/os-locale-1.4.0.tgz#20f9f17ae29ed345e8bde583b13d2009803c14d9"
  dependencies:
    lcid "^1.0.0"

path-is-absolute@^1.0.0:
  version "1.0.1"
  resolved "https://registry.yarnpkg.com/path-is-absolute/-/path-is-absolute-1.0.1.tgz#174b9268735534ffbc7ace6bf53a5a9e1b5c5f5f"

protobufjs@^4.1, protobufjs@^4.1.3:
  version "4.1.3"
  resolved "https://registry.yarnpkg.com/protobufjs/-/protobufjs-4.1.3.tgz#8e36d1b0226cbb68d647e4b44c2a144f37f2779e"
  dependencies:
    ascli "~1"
    bytebuffer "~4 >=4.1"
    glob "^5.0.10"
    yargs "^3.10.0"

protobufjs@^5.0.1:
  version "5.0.2"
  resolved "https://registry.yarnpkg.com/protobufjs/-/protobufjs-5.0.2.tgz#59748d7dcf03d2db22c13da9feb024e16ab80c91"
  dependencies:
    ascli "~1"
    bytebuffer "~5"
    glob "^7.0.5"
    yargs "^3.10.0"

q@^1.4.1:
  version "1.5.0"
  resolved "https://registry.yarnpkg.com/q/-/q-1.5.0.tgz#dd01bac9d06d30e6f219aecb8253ee9ebdc308f1"

sendmail@^1.2.0:
  version "1.2.0"
  resolved "https://registry.yarnpkg.com/sendmail/-/sendmail-1.2.0.tgz#a731d80ac004c58026d48b8bfc6278b6bbc89cc0"
  dependencies:
    dkim-signer "^0.2.2"
    mailcomposer "^3.12.0"

smtp-connection@2.12.0:
  version "2.12.0"
  resolved "https://registry.yarnpkg.com/smtp-connection/-/smtp-connection-2.12.0.tgz#d76ef9127cb23c2259edb1e8349c2e8d5e2d74c1"
  dependencies:
    httpntlm "1.6.1"
    nodemailer-shared "1.1.0"

steam-crypto@^0.0:
  version "0.0.1"
  resolved "https://registry.yarnpkg.com/steam-crypto/-/steam-crypto-0.0.1.tgz#0477b182a2b1fdd941893dbcc22e0e93b14abb7f"

"steam-resources@https://github.com/seishun/node-steam-resources.git#v1.0.0":
  version "1.0.0"
  resolved "https://github.com/seishun/node-steam-resources.git#1403939a12ba467a4b82c8ccbc279bbcdad43588"
  dependencies:
    bytebuffer "^5.0"
    protobufjs "^4.1"

steam@^1.4.0:
  version "1.4.0"
  resolved "https://registry.yarnpkg.com/steam/-/steam-1.4.0.tgz#bc03c2bf365ddbdf04db27753413d2ddb835b1b1"
  dependencies:
    adm-zip "^0.4"
    buffer-crc32 "^0.2"
    bytebuffer "^5.0"
    steam-crypto "^0.0"
    steam-resources "https://github.com/seishun/node-steam-resources.git#v1.0.0"

string-width@^1.0.1:
  version "1.0.2"
  resolved "https://registry.yarnpkg.com/string-width/-/string-width-1.0.2.tgz#118bdf5b8cdc51a2a7e70d211e07e2b0b9b107d3"
  dependencies:
    code-point-at "^1.0.0"
    is-fullwidth-code-point "^1.0.0"
    strip-ansi "^3.0.0"

strip-ansi@^3.0.0, strip-ansi@^3.0.1:
  version "3.0.1"
  resolved "https://registry.yarnpkg.com/strip-ansi/-/strip-ansi-3.0.1.tgz#6a385fb8853d952d5ff05d0e8aaf94278dc63dcf"
  dependencies:
    ansi-regex "^2.0.0"

timers-ext@~0.1.1:
  version "0.1.2"
  resolved "https://registry.yarnpkg.com/timers-ext/-/timers-ext-0.1.2.tgz#61cc47a76c1abd3195f14527f978d58ae94c5204"
  dependencies:
    es5-ext "~0.10.14"
    next-tick "1"

underscore@~1.7.0:
  version "1.7.0"
  resolved "https://registry.yarnpkg.com/underscore/-/underscore-1.7.0.tgz#6bbaf0877500d36be34ecaa584e0db9fef035209"

window-size@^0.1.4:
  version "0.1.4"
  resolved "https://registry.yarnpkg.com/window-size/-/window-size-0.1.4.tgz#f8e1aa1ee5a53ec5bf151ffa09742a6ad7697876"

wrap-ansi@^2.0.0:
  version "2.1.0"
  resolved "https://registry.yarnpkg.com/wrap-ansi/-/wrap-ansi-2.1.0.tgz#d8fc3d284dd05794fe84973caecdd1cf824fdd85"
  dependencies:
    string-width "^1.0.1"
    strip-ansi "^3.0.1"

wrappy@1:
  version "1.0.2"
  resolved "https://registry.yarnpkg.com/wrappy/-/wrappy-1.0.2.tgz#b5243d8f3ec1aa35f1364605bc0d1036e30ab69f"

y18n@^3.2.0:
  version "3.2.2"
  resolved "https://registry.yarnpkg.com/y18n/-/y18n-3.2.2.tgz#85c901bd6470ce71fc4bb723ad209b70f7f28696"

yargs@^3.10.0:
  version "3.32.0"
  resolved "https://registry.yarnpkg.com/yargs/-/yargs-3.32.0.tgz#03088e9ebf9e756b69751611d2a5ef591482c995"
  dependencies:
    camelcase "^2.0.1"
    cliui "^3.0.3"
    decamelize "^1.1.1"
    os-locale "^1.4.0"
    string-width "^1.0.1"
    window-size "^0.1.4"
    y18n "^3.2.0"
